{
    "name": "@speaklogicai/names",
    "version": "1.2.0",
    "lockfileVersion": 3,
    "requires": true,
    "packages": {
        "": {
            "name": "@speaklogicai/names",
            "version": "1.2.0",
            "license": "ISC",
            "devDependencies": {
                "@types/node": "18.16.9",
                "typescript": "~5.5.2"
            }
        },
        "node_modules/@types/node": {
            "version": "18.16.9",
            "resolved": "https://registry.npmjs.org/@types/node/-/node-18.16.9.tgz",
            "integrity": "sha512-IeB32oIV4oGArLrd7znD2rkHQ6EDCM+2Sr76dJnrHwv9OHBTTM6nuDLK9bmikXzPa0ZlWMWtRGo/Uw4mrzQedA==",
            "dev": true,
            "license": "MIT"
        },
        "node_modules/typescript": {
            "version": "5.5.4",
            "resolved": "https://registry.npmjs.org/typescript/-/typescript-5.5.4.tgz",
            "integrity": "sha512-Mtq29sKDAEYP7aljRgtPOpTvOfbwRWlS6dPRzwjdE+C0R4brX/GUyhHSecbHMFLNBLcJIPt9nl9yG5TZ1weH+Q==",
            "dev": true,
            "license": "Apache-2.0",
            "bin": {
                "tsc": "bin/tsc",
                "tsserver": "bin/tsserver"
            },
            "engines": {
                "node": ">=14.17"
            }
        }
    }
}
